{
  "version": 4,
  "terraform_version": "1.5.7",
  "serial": 14,
  "lineage": "9433e536-c485-78a3-9b36-e3d41dc353d9",
  "outputs": {
    "resource_group_name": {
      "value": "rs-ESGI-NCHOBYKHALQALLAHY",
      "type": "string"
    }
  },
  "resources": [
    {
      "mode": "managed",
      "type": "azurerm_container_registry",
      "name": "acr_main",
      "provider": "provider[\"registry.terraform.io/hashicorp/azurerm\"]",
      "instances": [
        {
          "schema_version": 2,
          "attributes": {
            "admin_enabled": true,
            "admin_password": "DHd11N4AOai507SJ8XZLVpvnKMAPs8GC3wwdv636Rk+ACRB023od",
            "admin_username": "acrESGINCHOBYKHALQALLAHY",
            "anonymous_pull_enabled": false,
            "data_endpoint_enabled": false,
            "encryption": [
              {
                "enabled": false,
                "identity_client_id": "",
                "key_vault_key_id": ""
              }
            ],
            "export_policy_enabled": true,
            "georeplications": [],
            "id": "/subscriptions/38c310bb-1cf0-4031-b310-630a0566bad6/resourceGroups/rs-ESGI-NCHOBYKHALQALLAHY/providers/Microsoft.ContainerRegistry/registries/acrESGINCHOBYKHALQALLAHY",
            "identity": [],
            "location": "westeurope",
            "login_server": "acresginchobykhalqallahy.azurecr.io",
            "name": "acrESGINCHOBYKHALQALLAHY",
            "network_rule_bypass_option": "AzureServices",
            "network_rule_set": [],
            "public_network_access_enabled": true,
            "quarantine_policy_enabled": false,
            "resource_group_name": "rs-ESGI-NCHOBYKHALQALLAHY",
            "retention_policy": [
              {
                "days": 7,
                "enabled": false
              }
            ],
            "sku": "Standard",
            "tags": {
              "environment": "Terraform Lab"
            },
            "timeouts": null,
            "trust_policy": [
              {
                "enabled": false
              }
            ],
            "zone_redundancy_enabled": false
          },
          "sensitive_attributes": [],
          "private": "eyJlMmJmYjczMC1lY2FhLTExZTYtOGY4OC0zNDM2M2JjN2M0YzAiOnsiY3JlYXRlIjoxODAwMDAwMDAwMDAwLCJkZWxldGUiOjE4MDAwMDAwMDAwMDAsInJlYWQiOjMwMDAwMDAwMDAwMCwidXBkYXRlIjoxODAwMDAwMDAwMDAwfSwic2NoZW1hX3ZlcnNpb24iOiIyIn0=",
          "dependencies": [
            "azurerm_resource_group.rg_main"
          ]
        }
      ]
    },
    {
      "mode": "managed",
      "type": "azurerm_resource_group",
      "name": "rg_main",
      "provider": "provider[\"registry.terraform.io/hashicorp/azurerm\"]",
      "instances": [
        {
          "schema_version": 0,
          "attributes": {
            "id": "/subscriptions/38c310bb-1cf0-4031-b310-630a0566bad6/resourceGroups/rs-ESGI-NCHOBYKHALQALLAHY",
            "location": "westeurope",
            "name": "rs-ESGI-NCHOBYKHALQALLAHY",
            "tags": {
              "environment": "Terraform Lab"
            },
            "timeouts": null
          },
          "sensitive_attributes": [],
          "private": "eyJlMmJmYjczMC1lY2FhLTExZTYtOGY4OC0zNDM2M2JjN2M0YzAiOnsiY3JlYXRlIjo1NDAwMDAwMDAwMDAwLCJkZWxldGUiOjU0MDAwMDAwMDAwMDAsInJlYWQiOjMwMDAwMDAwMDAwMCwidXBkYXRlIjo1NDAwMDAwMDAwMDAwfX0="
        }
      ]
    },
    {
      "mode": "managed",
      "type": "azurerm_role_assignment",
      "name": "acr_pull_role",
      "provider": "provider[\"registry.terraform.io/hashicorp/azurerm\"]",
      "instances": []
    }
  ],
  "check_results": null
}
